{
  "name": "apple-ecosystem-mcp-node-launcher",
  "version": "1.0.0",
  "lockfileVersion": 3,
  "requires": true,
  "packages": {
    "": {
      "name": "apple-ecosystem-mcp-node-launcher",
      "version": "1.0.0",
      "author": {
        "name": "Abhinav Agrawal",
        "email": "apple_anthropic_mcp@icloud.com",
        "url": "https://github.com/abhinavag-svg"
      },
      "license": "MIT"
    }
  }
}
